{
  "version": 4,
  "terraform_version": "1.7.3",
  "serial": 89,
  "lineage": "15d915cc-d215-dc70-5456-911c351f2b44",
  "outputs": {
    "private": {
      "value": "-----BEGIN RSA PRIVATE KEY-----\nMIIJKQIBAAKCAgEAx7NQxHMf/yJiff0qtTS9zQL90zv+8HHUIc3LP4ezwmyFp551\nU1ifxUVrEyH5YetPsIYE+n1qmA5YliIVniWMDtTP6cwVKIAJDGwhS6ZsAHfCgO4Y\n3FYjKomd9YI1MCV0gscgFGCAH+04M4t+qdvby+7EJOj1TCYqd/HkTBOCumRki9Ge\nylZ0ebKRzBy17IqBg2olawAV7KjWImacS1eNDEgez//7g+SWkVTzDUO0XP1DTENh\n/qHcrLm5RyXX2buyk7oKgLtbNyCfXLqgAk2ammrxaRlqJ0eRGYeMMlPRuTjr9uas\nMB1GjosexmreaTMzLRqILtky5tfYAiASdXPEOpCH9DWVBxqEIUGZpm4L5/ToAvj+\npnz+qZHas9FkcXmhAeEMBNo9SfQsU2spf4RNhclynJv3MFrKdh1Pht5ZhDyhLwhZ\nWAtQsRdK3xqSheRzMWyXz0jd9WvJ62wvcYyU/+1KEPCwM+H+X21T2r2/hl83ilLA\n1wVXRWz6/kpW6XebctT3PEZ/bdEAFU6tAHnTGX4P+4XlSbxzx3GyeGrPXdR3Afr8\ncXwPz1HlZpbZvIWbbffkegvUAxYSIFqc00VlvMwzjVYQVEjzW+SJ/pmWe+eJRsti\nss6sAyZIhLALg8OeaLAg+Thd5Gmhmec8UvdjQbixznSHaWJcZnI7s4TvlgMCAwEA\nAQKCAgAtEsQAExv9sf0ZArNJAwZz52Dy9G+uRYLjvldJl49zKptgIdvJXA9zrx9j\nyh9Hgp0R8q3c+8G7YEGOYVMPxtm93zquQmnkIkHok99P+9gUovM7toHV+Xsmdrk4\nWJM4sruBaQBMmRtSGXC98ZY9MGqDtPiAfDQhY9viBq7InP68ozwucrmsYacYcL2H\nnFNTeE+TIbogVHyeVd0/FnngZ3pmc0DBIb3bHxT86HeTXtyuwFsYM31Cw7XTJngz\nHs+BTWQZA7yrIZ6M6sgNXfIPkwR6JfknB512ECkn4fg6w8BqVfasW5Qxp+ns8mmX\nzzcz92Jto7dpG4zpnX4bvLFt4RtA1dqktsI7lz+RPuK7nt2fdHQ4yibAEy8JdwfO\n+u10xYSS5yoZkpzWlmbyQZtfJmKSLpMi6SW9TLgmAJBpjUMoxi8c4DIhl7o1f+FD\n9PjsTJk6o7bByiDBmwMk98I4ct65LCVdrLgJZ3Z1yl7Pr1rg+x9dZECEhgHNZ0eb\nRFemrG7x8wPrHHxS0D9/saWqzCpPXILp72fWKGRqyenbP73N/QJv3ks8REiZk7vx\nGPuQcT8vmc+lfosFC0Zhqm07p9MsxyoHGgd8ZZKZUbbCYAWrV0FWRyDOnCApTGnv\nhHytN0vbzv+x+OeWhMkrOFXqHyHh9n62BaVk3X6utFOi/TLtAQKCAQEAyCYuYslK\n08kfN6UsS4uxpS+jwtGnKQNv1qpxmpZHORZa3zVrZRMQCHyTuZF5CgstDC7zn691\nh7NIJbNgix0rmkzDSCJY0RceMq/z3BVSAJ/atZrFPbYKOZi9oIN1U/8krIr92nH7\nBspPAO2AhF7Xhxi0hzuFOPMtCNY9EwCV47wAsWV4KHJEaJ2KR5qO0TvmnYSvoWKj\np6Ob+syKe3MfM24fgLl/tMFcaOOdvlz8hET/eZl+/CY+gjUAz42FDQ43H8jp5g23\nLQsbiTDfAo/kop2ZDK3utc/VFverWGCLdXMzPFgjs4j/w4ALO5BQZAs0SGkGSB8M\n15exIalueMTa0QKCAQEA/20U2x8LK0MZU2egdWmsYEVdcJxp50+Z/VjcIHAFpiSa\n5aVMHoVOxWCuPTIcUqG7KOOMQGNPEL8TgqT5Xjr+5Kab8cxbZ7XQd/DU+88BrKAf\nzUFXAhzHIgygqVl2qf4uIwEV0eMDj3jI1Cj7aliCKI5H9NDmzLJmmTkQNGES2Wrl\nb8FtKWoTc/mYtvQLuaug98PP79U1g87eX/kVyCjq9GBNfUD2N6VvPEKir5Ab2tqj\nx9MXnStIaiFLjq26rgwfu0BwsYXlBGM3j0RI3r5mCHlb6ToitrfPsapcNUJFE//1\nKRj7TmR6qBMod1EkaMT/CG7HRHB8nPuZ/MRDXyLwkwKCAQAIpuXgbVUnvIz16dT1\nWw+N1XZdyJRSSIzAGdQZW5+ujxHUjkmbL+zEgSYdonU6AuuqmCj94SbSe+SFhLCK\nsvMck27polp2h2pNxJ9lByLpVf+tVAhst37PqJOh6azbua7LKqL4m26/h2VM4/dn\nQXZNp7q+Ecubf5+VvzUaqi7QjmL1SC6eiPn+D7lXiQ3da5p3erHg5xOt/nuSpt7h\noUNbBMql1N75YFZvTk+WWAyuZxEoH4OGwNx44nOrhTGYM+IcJKI/yJ3/e3hwQMWT\nJcc7ZFamXqpv/5D1kjU898dvh1BSrni0nRp5SAK0S3O+L2HOM4QLABSdCTil/N4C\nqHfRAoIBAQCUHTnx0m+Ul6Uw8y9dxnhZnv+PFHRo2ITwHz4OZUcxT5quvgqEzEKg\nO+7tt4gq9nPkQwcKM0we5t42bNnZpZY3GtHlBd6fJhQL6RBoMGLFKlkmmdQNeoiS\nmwXzDdi8vJMeYzu26NAguyahuF4KDeb0A4WAVj7vxieuhCN8bCoU/2KqSly1njhH\nkR3YQW4nLXn7EoYaieUtWKEkv/i8h9Wu/cURc8ETBZCaPf2+lm9AmnZMooDX98hX\nGpWI1/8ffBJOcBCpMH5b6/jE0BD9cSUTluQQO1Dz6WS7npE3pQUPkuYj/cOEcsmZ\nevqFLf1R76H/ztUoP55THabupxR2L3mXAoIBAQCgj7S1ExuuU8IGY69mA1EKZrZK\niDn8f1Dd9qG96mHxmYpXJ7FPghzIFf2XuM9xXl8pu6QMYIp2Krtf+2wujjYaWywW\npvnP5h3FhHlDYjbPm6XgCplesZ99n/wxOCPp1fAI8kr2+0r7HxvuUxoKaj1gNMZZ\nol0czlMkrJoxjOrnDTSEtJHJGxgA465bvLEMSPXe6Wwt/mhNF83sps9q7ctIU5jY\ngsG9pJCfgYAvB0DhbRs+0MtEMS6VrqEex6/U10xH/mTvc+Gs7aGFh0Ey9R66+6ef\nWwc7yxEXsOnPi1e7y5drMGIwilasJ9ItoDm30a+rboyOLEg0BOKtWZE8F8cq\n-----END RSA PRIVATE KEY-----\n",
      "type": "string",
      "sensitive": true
    }
  },
  "resources": [
    {
      "mode": "data",
      "type": "aws_acm_certificate",
      "name": "cert",
      "provider": "provider[\"registry.terraform.io/hashicorp/aws\"]",
      "instances": [
        {
          "schema_version": 0,
          "attributes": {
            "arn": "arn:aws:acm:us-east-1:403624264905:certificate/9b388a13-7a62-4e3e-b146-7b69bcfbe340",
            "certificate": "-----BEGIN CERTIFICATE-----\nMIIF3DCCBMSgAwIBAgIQBwReO8sYBSfaAtUtDcEb8jANBgkqhkiG9w0BAQsFADA8\nMQswCQYDVQQGEwJVUzEPMA0GA1UEChMGQW1hem9uMRwwGgYDVQQDExNBbWF6b24g\nUlNBIDIwNDggTTAzMB4XDTIzMTAxODAwMDAwMFoXDTI0MTExNTIzNTk1OVowGjEY\nMBYGA1UEAxMPeWFzaW5rYXJ0YWwuY29tMIIBIjANBgkqhkiG9w0BAQEFAAOCAQ8A\nMIIBCgKCAQEAqO7qoEsh4WvkY/WYdGi52dJkbQZEJWiI0SlcSohsBqPNyoVB7tpN\nePvDk82nmhqrKkFAdkSzrJYqs7F3T34pRADvM6u5KnQ/5u6wdJEvTDUQehVzSXLk\nGLFG8JST4tI06MkMFUO/xeALjL/xnBbLmv8rlP97ZdhhxF268p+bgvXRuCSBovyN\nfWQW8DwOLr6K0hXIfADbDeBEFnZV1NEviEoyYchSR07UK1cOW+qSoFgocqbvFBLr\n21F2OZH1QiCQSY3pPlCTKaU3OfCnUTeVQMHAHPfBHwg1KyXA8Bvze/BlajwLwKAA\nIxALfDMPH/6yPmSmGLuI0zrlF84XuWek3QIDAQABo4IC+jCCAvYwHwYDVR0jBBgw\nFoAUVdkYX9IczAHhWLS+q9lVQgHXLgIwHQYDVR0OBBYEFFmxSTbvzl1Vh1LAKeJL\n55I7FWFqMC0GA1UdEQQmMCSCD3lhc2lua2FydGFsLmNvbYIRKi55YXNpbmthcnRh\nbC5jb20wEwYDVR0gBAwwCjAIBgZngQwBAgEwDgYDVR0PAQH/BAQDAgWgMB0GA1Ud\nJQQWMBQGCCsGAQUFBwMBBggrBgEFBQcDAjA7BgNVHR8ENDAyMDCgLqAshipodHRw\nOi8vY3JsLnIybTAzLmFtYXpvbnRydXN0LmNvbS9yMm0wMy5jcmwwdQYIKwYBBQUH\nAQEEaTBnMC0GCCsGAQUFBzABhiFodHRwOi8vb2NzcC5yMm0wMy5hbWF6b250cnVz\ndC5jb20wNgYIKwYBBQUHMAKGKmh0dHA6Ly9jcnQucjJtMDMuYW1hem9udHJ1c3Qu\nY29tL3IybTAzLmNlcjAMBgNVHRMBAf8EAjAAMIIBfQYKKwYBBAHWeQIEAgSCAW0E\nggFpAWcAdQDuzdBk1dsazsVct520zROiModGfLzs3sNRSFlGcR+1mwAAAYtEbAo/\nAAAEAwBGMEQCIB/CDUvQ2tztMgipjRRKfvx5WNV36OFQdFVZJwx1K24oAiAkhWct\nnDx258w0OaD7SkIB+lz04WJWsGRaNLaViuBUsgB3AEiw42vapkc0D+VqAvqdMOsc\nUgHLVt0sgdm7v6s52IRzAAABi0RsCkIAAAQDAEgwRgIhALGkZsJAMh+EHq5Z6wRf\n4WnEq2Ptfp0io9KAqxWwNcroAiEA4M3DYN3hd1dJf+tvWLiSfZK4Py69tVdzG4DN\n4JQYkWQAdQDatr9rP7W2Ip+bwrtca+hwkXFsu1GEhTS9pD0wSNf7qwAAAYtEbAo2\nAAAEAwBGMEQCICgIYw3hgbZdIUsweZvoSdHy61ildwdi3NQ8C/idKEMFAiBqL35T\n8IsHl23vuotiJ5GDdpDe1L2zMB47VVbYtY4P6DANBgkqhkiG9w0BAQsFAAOCAQEA\nCZkMnQno7ZpCEaEOQRlps0RvyhCuyroAe/wa6CGNIEgxIV3+TRP3cKZqSsQBCgNx\nT/a1v6NJkPki6Tn+HvZajR5nFVt6CMYy3XrjNysxZtZ7SByHiaLkFFwqA2iov1ur\nhuYUFBl/dtNwinmcDMwmb1s/eHk4WgYMMokKZ3jfkCuomVsNz5vFsveRk/YTQWj9\nlwLefrWxyDBw/tagofjWWFJxIN2dz+aKonNS+lMdeBRTu/FluSfdcm4kSfBkkPky\nE6eiTt5q2/8ZLq3/xBAL7V0ePn63/7DsmyY3rEzowaRgkaE1hhQ1G539ami3uTtj\nUxsrgTsMjDbyXpyu4BfsQw==\n-----END CERTIFICATE-----\n",
            "certificate_chain": "-----BEGIN CERTIFICATE-----\nMIIEXjCCA0agAwIBAgITB3MSTNQG0mfAmRzdKZqfODF5hTANBgkqhkiG9w0BAQsF\nADA5MQswCQYDVQQGEwJVUzEPMA0GA1UEChMGQW1hem9uMRkwFwYDVQQDExBBbWF6\nb24gUm9vdCBDQSAxMB4XDTIyMDgyMzIyMjYwNFoXDTMwMDgyMzIyMjYwNFowPDEL\nMAkGA1UEBhMCVVMxDzANBgNVBAoTBkFtYXpvbjEcMBoGA1UEAxMTQW1hem9uIFJT\nQSAyMDQ4IE0wMzCCASIwDQYJKoZIhvcNAQEBBQADggEPADCCAQoCggEBALd/pVko\n8vuM475Tf45HV3BbCl/B9Jy89G1CRkFjcPY06WA9lS+7dWbUA7GtWUKoksr69hKM\nwcMsNpxlw7b3jeXFgxB09/nmalcAWtnLzF+LaDKEA5DQmvKzuh1nfIfqEiKCQSmX\nXh09Xs+dO7cm5qbaL2hhNJCSAejciwcvOFgFNgEMR42wm6KIFHsQW28jhA+1u/M0\np6fVwReuEgZfLfdx82Px0LJck3lST3EB/JfbdsdOzzzg5YkY1dfuqf8y5fUeZ7Cz\nWXbTjujwX/TovmeWKA36VLCz75azW6tDNuDn66FOpADZZ9omVaF6BqNJiLMVl6P3\n/c0OiUMC6Z5OfKcCAwEAAaOCAVowggFWMBIGA1UdEwEB/wQIMAYBAf8CAQAwDgYD\nVR0PAQH/BAQDAgGGMB0GA1UdJQQWMBQGCCsGAQUFBwMBBggrBgEFBQcDAjAdBgNV\nHQ4EFgQUVdkYX9IczAHhWLS+q9lVQgHXLgIwHwYDVR0jBBgwFoAUhBjMhTTsvAyU\nlC4IWZzHshBOCggwewYIKwYBBQUHAQEEbzBtMC8GCCsGAQUFBzABhiNodHRwOi8v\nb2NzcC5yb290Y2ExLmFtYXpvbnRydXN0LmNvbTA6BggrBgEFBQcwAoYuaHR0cDov\nL2NydC5yb290Y2ExLmFtYXpvbnRydXN0LmNvbS9yb290Y2ExLmNlcjA/BgNVHR8E\nODA2MDSgMqAwhi5odHRwOi8vY3JsLnJvb3RjYTEuYW1hem9udHJ1c3QuY29tL3Jv\nb3RjYTEuY3JsMBMGA1UdIAQMMAowCAYGZ4EMAQIBMA0GCSqGSIb3DQEBCwUAA4IB\nAQAGjeWm2cC+3z2MzSCnte46/7JZvj3iQZDY7EvODNdZF41n71Lrk9kbfNwerK0d\nVNzW36Wefr7j7ZSwBVg50W5ay65jNSN74TTQV1yt4WnSbVvN6KlMs1hiyOZdoHKs\nKDV2UGNxbdoBYCQNa2GYF8FQIWLugNp35aSOpMy6cFlymFQomIrnOQHwK1nvVY4q\nxDSJMU/gNJz17D8ArPN3ngnyZ2TwepJ0uBINz3G5te2rdFUF4i4Y3Bb7FUlHDYm4\nu8aIRGpk2ZpfXmxaoxnbIBZRvGLPSUuPwnwoUOMsJ8jirI5vs2dvchPb7MtI1rle\ni02f2ivH2vxkjDLltSpe2fiC\n-----END CERTIFICATE-----\n-----BEGIN CERTIFICATE-----\nMIIEkjCCA3qgAwIBAgITBn+USionzfP6wq4rAfkI7rnExjANBgkqhkiG9w0BAQsF\nADCBmDELMAkGA1UEBhMCVVMxEDAOBgNVBAgTB0FyaXpvbmExEzARBgNVBAcTClNj\nb3R0c2RhbGUxJTAjBgNVBAoTHFN0YXJmaWVsZCBUZWNobm9sb2dpZXMsIEluYy4x\nOzA5BgNVBAMTMlN0YXJmaWVsZCBTZXJ2aWNlcyBSb290IENlcnRpZmljYXRlIEF1\ndGhvcml0eSAtIEcyMB4XDTE1MDUyNTEyMDAwMFoXDTM3MTIzMTAxMDAwMFowOTEL\nMAkGA1UEBhMCVVMxDzANBgNVBAoTBkFtYXpvbjEZMBcGA1UEAxMQQW1hem9uIFJv\nb3QgQ0EgMTCCASIwDQYJKoZIhvcNAQEBBQADggEPADCCAQoCggEBALJ4gHHKeNXj\nca9HgFB0fW7Y14h29Jlo91ghYPl0hAEvrAIthtOgQ3pOsqTQNroBvo3bSMgHFzZM\n9O6II8c+6zf1tRn4SWiw3te5djgdYZ6k/oI2peVKVuRF4fn9tBb6dNqcmzU5L/qw\nIFAGbHrQgLKm+a/sRxmPUDgH3KKHOVj4utWp+UhnMJbulHheb4mjUcAwhmahRWa6\nVOujw5H5SNz/0egwLX0tdHA114gk957EWW67c4cX8jJGKLhD+rcdqsq08p8kDi1L\n93FcXmn/6pUCyziKrlA4b9v7LWIbxcceVOF34GfID5yHI9Y/QCB/IIDEgEw+OyQm\njgSubJrIqg0CAwEAAaOCATEwggEtMA8GA1UdEwEB/wQFMAMBAf8wDgYDVR0PAQH/\nBAQDAgGGMB0GA1UdDgQWBBSEGMyFNOy8DJSULghZnMeyEE4KCDAfBgNVHSMEGDAW\ngBScXwDfqgHXMCs4iKK4bUqc8hGRgzB4BggrBgEFBQcBAQRsMGowLgYIKwYBBQUH\nMAGGImh0dHA6Ly9vY3NwLnJvb3RnMi5hbWF6b250cnVzdC5jb20wOAYIKwYBBQUH\nMAKGLGh0dHA6Ly9jcnQucm9vdGcyLmFtYXpvbnRydXN0LmNvbS9yb290ZzIuY2Vy\nMD0GA1UdHwQ2MDQwMqAwoC6GLGh0dHA6Ly9jcmwucm9vdGcyLmFtYXpvbnRydXN0\nLmNvbS9yb290ZzIuY3JsMBEGA1UdIAQKMAgwBgYEVR0gADANBgkqhkiG9w0BAQsF\nAAOCAQEAYjdCXLwQtT6LLOkMm2xF4gcAevnFWAu5CIw+7bMlPLVvUOTNNWqnkzSW\nMiGpSESrnO09tKpzbeR/FoCJbM8oAxiDR3mjEH4wW6w7sGDgd9QIpuEdfF7Au/ma\neyKdpwAJfqxGF4PcnCZXmTA5YpaP7dreqsXMGz7KQ2hsVxa81Q4gLv7/wmpdLqBK\nbRRYh5TmOTFffHPLkIhqhBGWJ6bt2YFGpn6jcgAKUj6DiAdjd4lpFw85hdKrCEVN\n0FE6/V1dN2RMfjCyVSRCnTawXZwXgWHxyvkQAiSr6w10kY17RSlQOYiypok1JR4U\nakcjMS9cmvqtmg5iUaQqqcT5NJ0hGA==\n-----END CERTIFICATE-----\n-----BEGIN CERTIFICATE-----\nMIIEdTCCA12gAwIBAgIJAKcOSkw0grd/MA0GCSqGSIb3DQEBCwUAMGgxCzAJBgNV\nBAYTAlVTMSUwIwYDVQQKExxTdGFyZmllbGQgVGVjaG5vbG9naWVzLCBJbmMuMTIw\nMAYDVQQLEylTdGFyZmllbGQgQ2xhc3MgMiBDZXJ0aWZpY2F0aW9uIEF1dGhvcml0\neTAeFw0wOTA5MDIwMDAwMDBaFw0zNDA2MjgxNzM5MTZaMIGYMQswCQYDVQQGEwJV\nUzEQMA4GA1UECBMHQXJpem9uYTETMBEGA1UEBxMKU2NvdHRzZGFsZTElMCMGA1UE\nChMcU3RhcmZpZWxkIFRlY2hub2xvZ2llcywgSW5jLjE7MDkGA1UEAxMyU3RhcmZp\nZWxkIFNlcnZpY2VzIFJvb3QgQ2VydGlmaWNhdGUgQXV0aG9yaXR5IC0gRzIwggEi\nMA0GCSqGSIb3DQEBAQUAA4IBDwAwggEKAoIBAQDVDDrEKvlO4vW+GZdfjohTsR8/\ny8+fIBNtKTrID30892t2OGPZNmCom15cAICyL1l/9of5JUOG52kbUpqQ4XHj2C0N\nTm/2yEnZtvMaVq4rtnQU68/7JuMauh2WLmo7WJSJR1b/JaCTcFOD2oR0FMNnngRo\nOt+OQFodSk7PQ5E751bWAHDLUu57fa4657wx+UX2wmDPE1kCK4DMNEffud6QZW0C\nzyyRpqbn3oUYSXxmTqM6bam17jQuug0DuDPfR+uxa40l2ZvOgdFFRjKWcIfeAg5J\nQ4W2bHO7ZOphQazJ1FTfhy/HIrImzJ9ZVGif/L4qL8RVHHVAYBeFAlU5i38FAgMB\nAAGjgfAwge0wDwYDVR0TAQH/BAUwAwEB/zAOBgNVHQ8BAf8EBAMCAYYwHQYDVR0O\nBBYEFJxfAN+qAdcwKziIorhtSpzyEZGDMB8GA1UdIwQYMBaAFL9ft9HO3R+G9FtV\nrNzXEMIOqYjnME8GCCsGAQUFBwEBBEMwQTAcBggrBgEFBQcwAYYQaHR0cDovL28u\nc3MyLnVzLzAhBggrBgEFBQcwAoYVaHR0cDovL3guc3MyLnVzL3guY2VyMCYGA1Ud\nHwQfMB0wG6AZoBeGFWh0dHA6Ly9zLnNzMi51cy9yLmNybDARBgNVHSAECjAIMAYG\nBFUdIAAwDQYJKoZIhvcNAQELBQADggEBACMd44pXyn3pF3lM8R5V/cxTbj5HD9/G\nVfKyBDbtgB9TxF00KGu+x1X8Z+rLP3+QsjPNG1gQggL4+C/1E2DUBc7xgQjB3ad1\nl08YuW3e95ORCLp+QCztweq7dp4zBncdDQh/U90bZKuCJ/Fp1U1ervShw3WnWEQt\n8jxwmKy6abaVd38PMV4s/KCHOkdp8Hlf9BRUpJVeEXgSYCfOn8J3/yNTd126/+pZ\n59vPr5KW7ySaNRB6nJHGDn2Z9j8Z3/VyVOEVqQdZe4O/Ui5GjLIAZHYcSNPYeehu\nVsyuLAOQ1xk4meTKCRlb/weWsKh/NEnfVqn3sF/tM+2MR7cwA130A4w=\n-----END CERTIFICATE-----\n",
            "domain": "yasinkartal.com",
            "id": "arn:aws:acm:us-east-1:403624264905:certificate/9b388a13-7a62-4e3e-b146-7b69bcfbe340",
            "key_types": null,
            "most_recent": true,
            "status": "ISSUED",
            "statuses": [
              "ISSUED"
            ],
            "tags": {},
            "types": null
          },
          "sensitive_attributes": []
        }
      ]
    },
    {
      "mode": "data",
      "type": "aws_route53_zone",
      "name": "dns",
      "provider": "provider[\"registry.terraform.io/hashicorp/aws\"]",
      "instances": [
        {
          "schema_version": 0,
          "attributes": {
            "arn": "arn:aws:route53:::hostedzone/Z06535541OD2H8CF4P7OP",
            "caller_reference": "RISWorkflow-RD:1d1b32b8-0a01-4013-bfd3-e2b231943ba5",
            "comment": "HostedZone created by Route53 Registrar",
            "id": "Z06535541OD2H8CF4P7OP",
            "linked_service_description": null,
            "linked_service_principal": null,
            "name": "yasinkartal.com",
            "name_servers": [
              "ns-1262.awsdns-29.org",
              "ns-1941.awsdns-50.co.uk",
              "ns-682.awsdns-21.net",
              "ns-42.awsdns-05.com"
            ],
            "primary_name_server": "ns-1262.awsdns-29.org",
            "private_zone": false,
            "resource_record_set_count": 4,
            "tags": {},
            "vpc_id": null,
            "zone_id": "Z06535541OD2H8CF4P7OP"
          },
          "sensitive_attributes": []
        }
      ]
    },
    {
      "mode": "data",
      "type": "aws_vpc",
      "name": "selected",
      "provider": "provider[\"registry.terraform.io/hashicorp/aws\"]",
      "instances": [
        {
          "schema_version": 0,
          "attributes": {
            "arn": "arn:aws:ec2:us-east-1:403624264905:vpc/vpc-0e10bf6ff93dab93e",
            "cidr_block": "172.31.0.0/16",
            "cidr_block_associations": [
              {
                "association_id": "vpc-cidr-assoc-06fff89f1d22a0338",
                "cidr_block": "172.31.0.0/16",
                "state": "associated"
              }
            ],
            "default": true,
            "dhcp_options_id": "dopt-06d968ea3e27a58e2",
            "enable_dns_hostnames": true,
            "enable_dns_support": true,
            "enable_network_address_usage_metrics": false,
            "filter": null,
            "id": "vpc-0e10bf6ff93dab93e",
            "instance_tenancy": "default",
            "ipv6_association_id": "",
            "ipv6_cidr_block": "",
            "main_route_table_id": "rtb-05cb5e7d9f8d75650",
            "owner_id": "403624264905",
            "state": null,
            "tags": {
              "Name": "default-vpc"
            },
            "timeouts": null
          },
          "sensitive_attributes": []
        }
      ]
    },
    {
      "mode": "managed",
      "type": "aws_alb_listener",
      "name": "rancher-listener1",
      "provider": "provider[\"registry.terraform.io/hashicorp/aws\"]",
      "instances": [
        {
          "schema_version": 0,
          "attributes": {
            "alpn_policy": null,
            "arn": "arn:aws:elasticloadbalancing:us-east-1:403624264905:listener/app/petclinic-rancher-alb-oliver/a693c9edfd165016/b673ee6f484cd4bb",
            "certificate_arn": "arn:aws:acm:us-east-1:403624264905:certificate/9b388a13-7a62-4e3e-b146-7b69bcfbe340",
            "default_action": [
              {
                "authenticate_cognito": [],
                "authenticate_oidc": [],
                "fixed_response": [],
                "forward": [],
                "order": 1,
                "redirect": [],
                "target_group_arn": "arn:aws:elasticloadbalancing:us-east-1:403624264905:targetgroup/clarus-rancher-http-80-tg-oliver/c988da9d4c093a7e",
                "type": "forward"
              }
            ],
            "id": "arn:aws:elasticloadbalancing:us-east-1:403624264905:listener/app/petclinic-rancher-alb-oliver/a693c9edfd165016/b673ee6f484cd4bb",
            "load_balancer_arn": "arn:aws:elasticloadbalancing:us-east-1:403624264905:loadbalancer/app/petclinic-rancher-alb-oliver/a693c9edfd165016",
            "mutual_authentication": [
              {
                "ignore_client_certificate_expiry": false,
                "mode": "off",
                "trust_store_arn": ""
              }
            ],
            "port": 443,
            "protocol": "HTTPS",
            "ssl_policy": "ELBSecurityPolicy-2016-08",
            "tags": {},
            "tags_all": {},
            "timeouts": null
          },
          "sensitive_attributes": [],
          "private": "eyJlMmJmYjczMC1lY2FhLTExZTYtOGY4OC0zNDM2M2JjN2M0YzAiOnsiY3JlYXRlIjozMDAwMDAwMDAwMDAsInVwZGF0ZSI6MzAwMDAwMDAwMDAwfX0=",
          "dependencies": [
            "aws_alb_target_group.rancher-tg",
            "aws_lb.rancher-alb",
            "aws_security_group.rancher-alb",
            "data.aws_acm_certificate.cert"
          ]
        }
      ]
    },
    {
      "mode": "managed",
      "type": "aws_alb_listener",
      "name": "rancher-listener2",
      "provider": "provider[\"registry.terraform.io/hashicorp/aws\"]",
      "instances": [
        {
          "schema_version": 0,
          "attributes": {
            "alpn_policy": null,
            "arn": "arn:aws:elasticloadbalancing:us-east-1:403624264905:listener/app/petclinic-rancher-alb-oliver/a693c9edfd165016/99112240aad210e8",
            "certificate_arn": null,
            "default_action": [
              {
                "authenticate_cognito": [],
                "authenticate_oidc": [],
                "fixed_response": [],
                "forward": [],
                "order": 1,
                "redirect": [
                  {
                    "host": "#{host}",
                    "path": "/#{path}",
                    "port": "443",
                    "protocol": "HTTPS",
                    "query": "#{query}",
                    "status_code": "HTTP_301"
                  }
                ],
                "target_group_arn": "",
                "type": "redirect"
              }
            ],
            "id": "arn:aws:elasticloadbalancing:us-east-1:403624264905:listener/app/petclinic-rancher-alb-oliver/a693c9edfd165016/99112240aad210e8",
            "load_balancer_arn": "arn:aws:elasticloadbalancing:us-east-1:403624264905:loadbalancer/app/petclinic-rancher-alb-oliver/a693c9edfd165016",
            "mutual_authentication": [],
            "port": 80,
            "protocol": "HTTP",
            "ssl_policy": "",
            "tags": {},
            "tags_all": {},
            "timeouts": null
          },
          "sensitive_attributes": [],
          "private": "eyJlMmJmYjczMC1lY2FhLTExZTYtOGY4OC0zNDM2M2JjN2M0YzAiOnsiY3JlYXRlIjozMDAwMDAwMDAwMDAsInVwZGF0ZSI6MzAwMDAwMDAwMDAwfX0=",
          "dependencies": [
            "aws_lb.rancher-alb",
            "aws_security_group.rancher-alb"
          ]
        }
      ]
    },
    {
      "mode": "managed",
      "type": "aws_alb_target_group",
      "name": "rancher-tg",
      "provider": "provider[\"registry.terraform.io/hashicorp/aws\"]",
      "instances": [
        {
          "schema_version": 0,
          "attributes": {
            "arn": "arn:aws:elasticloadbalancing:us-east-1:403624264905:targetgroup/clarus-rancher-http-80-tg-oliver/c988da9d4c093a7e",
            "arn_suffix": "targetgroup/clarus-rancher-http-80-tg-oliver/c988da9d4c093a7e",
            "connection_termination": null,
            "deregistration_delay": "300",
            "health_check": [
              {
                "enabled": true,
                "healthy_threshold": 3,
                "interval": 10,
                "matcher": "200",
                "path": "/healthz",
                "port": "traffic-port",
                "protocol": "HTTP",
                "timeout": 5,
                "unhealthy_threshold": 3
              }
            ],
            "id": "arn:aws:elasticloadbalancing:us-east-1:403624264905:targetgroup/clarus-rancher-http-80-tg-oliver/c988da9d4c093a7e",
            "ip_address_type": "ipv4",
            "lambda_multi_value_headers_enabled": false,
            "load_balancer_arns": [
              "arn:aws:elasticloadbalancing:us-east-1:403624264905:loadbalancer/app/petclinic-rancher-alb-oliver/a693c9edfd165016"
            ],
            "load_balancing_algorithm_type": "round_robin",
            "load_balancing_anomaly_mitigation": "off",
            "load_balancing_cross_zone_enabled": "use_load_balancer_configuration",
            "name": "clarus-rancher-http-80-tg-oliver",
            "name_prefix": "",
            "port": 80,
            "preserve_client_ip": null,
            "protocol": "HTTP",
            "protocol_version": "HTTP1",
            "proxy_protocol_v2": false,
            "slow_start": 0,
            "stickiness": [
              {
                "cookie_duration": 86400,
                "cookie_name": "",
                "enabled": false,
                "type": "lb_cookie"
              }
            ],
            "tags": {},
            "tags_all": {},
            "target_failover": [
              {
                "on_deregistration": null,
                "on_unhealthy": null
              }
            ],
            "target_health_state": [
              {
                "enable_unhealthy_connection_termination": null
              }
            ],
            "target_type": "instance",
            "vpc_id": "vpc-0e10bf6ff93dab93e"
          },
          "sensitive_attributes": [],
          "private": "bnVsbA=="
        }
      ]
    },
    {
      "mode": "managed",
      "type": "aws_alb_target_group_attachment",
      "name": "rancher-attach",
      "provider": "provider[\"registry.terraform.io/hashicorp/aws\"]",
      "instances": [
        {
          "schema_version": 0,
          "attributes": {
            "availability_zone": null,
            "id": "arn:aws:elasticloadbalancing:us-east-1:403624264905:targetgroup/clarus-rancher-http-80-tg-oliver/c988da9d4c093a7e-20240404095604059400000002",
            "port": null,
            "target_group_arn": "arn:aws:elasticloadbalancing:us-east-1:403624264905:targetgroup/clarus-rancher-http-80-tg-oliver/c988da9d4c093a7e",
            "target_id": "i-0a8ce31227b2021a2"
          },
          "sensitive_attributes": [],
          "private": "bnVsbA==",
          "dependencies": [
            "aws_alb_target_group.rancher-tg",
            "aws_iam_instance_profile.profile_for_rancher",
            "aws_iam_role.role_for_rancher",
            "aws_instance.tf-rancher-server",
            "aws_key_pair.generated_key",
            "aws_security_group.rancher-alb",
            "aws_security_group.tf-rancher-sec-gr",
            "tls_private_key.example"
          ]
        }
      ]
    },
    {
      "mode": "managed",
      "type": "aws_iam_instance_profile",
      "name": "profile_for_rancher",
      "provider": "provider[\"registry.terraform.io/hashicorp/aws\"]",
      "instances": [
        {
          "schema_version": 0,
          "attributes": {
            "arn": "arn:aws:iam::403624264905:instance-profile/petclinic_role_rancher-oliver",
            "create_date": "2024-04-04T09:36:24Z",
            "id": "petclinic_role_rancher-oliver",
            "name": "petclinic_role_rancher-oliver",
            "name_prefix": "",
            "path": "/",
            "role": "petclinic_role_rancher-oliver",
            "tags": {},
            "tags_all": {},
            "unique_id": "AIPAV36PBQTERAY3DK26A"
          },
          "sensitive_attributes": [],
          "private": "bnVsbA==",
          "dependencies": [
            "aws_iam_role.role_for_rancher"
          ]
        }
      ]
    },
    {
      "mode": "managed",
      "type": "aws_iam_policy",
      "name": "policy_for_rke-controlplane_role",
      "provider": "provider[\"registry.terraform.io/hashicorp/aws\"]",
      "instances": [
        {
          "schema_version": 0,
          "attributes": {
            "arn": "arn:aws:iam::403624264905:policy/petclinic_policy_for_rke-controlplane_role",
            "description": "",
            "id": "arn:aws:iam::403624264905:policy/petclinic_policy_for_rke-controlplane_role",
            "name": "petclinic_policy_for_rke-controlplane_role",
            "name_prefix": "",
            "path": "/",
            "policy": "{\"Statement\":[{\"Action\":[\"autoscaling:DescribeAutoScalingGroups\",\"autoscaling:DescribeLaunchConfigurations\",\"autoscaling:DescribeTags\",\"ec2:DescribeInstances\",\"ec2:DescribeRegions\",\"ec2:DescribeRouteTables\",\"ec2:DescribeSecurityGroups\",\"ec2:DescribeSubnets\",\"ec2:DescribeVolumes\",\"ec2:CreateSecurityGroup\",\"ec2:CreateTags\",\"ec2:CreateVolume\",\"ec2:ModifyInstanceAttribute\",\"ec2:ModifyVolume\",\"ec2:AttachVolume\",\"ec2:AuthorizeSecurityGroupIngress\",\"ec2:CreateRoute\",\"ec2:DeleteRoute\",\"ec2:DeleteSecurityGroup\",\"ec2:DeleteVolume\",\"ec2:DetachVolume\",\"ec2:RevokeSecurityGroupIngress\",\"ec2:DescribeVpcs\",\"elasticloadbalancing:AddTags\",\"elasticloadbalancing:AttachLoadBalancerToSubnets\",\"elasticloadbalancing:ApplySecurityGroupsToLoadBalancer\",\"elasticloadbalancing:CreateLoadBalancer\",\"elasticloadbalancing:CreateLoadBalancerPolicy\",\"elasticloadbalancing:CreateLoadBalancerListeners\",\"elasticloadbalancing:ConfigureHealthCheck\",\"elasticloadbalancing:DeleteLoadBalancer\",\"elasticloadbalancing:DeleteLoadBalancerListeners\",\"elasticloadbalancing:DescribeLoadBalancers\",\"elasticloadbalancing:DescribeLoadBalancerAttributes\",\"elasticloadbalancing:DetachLoadBalancerFromSubnets\",\"elasticloadbalancing:DeregisterInstancesFromLoadBalancer\",\"elasticloadbalancing:ModifyLoadBalancerAttributes\",\"elasticloadbalancing:RegisterInstancesWithLoadBalancer\",\"elasticloadbalancing:SetLoadBalancerPoliciesForBackendServer\",\"elasticloadbalancing:AddTags\",\"elasticloadbalancing:CreateListener\",\"elasticloadbalancing:CreateTargetGroup\",\"elasticloadbalancing:DeleteListener\",\"elasticloadbalancing:DeleteTargetGroup\",\"elasticloadbalancing:DescribeListeners\",\"elasticloadbalancing:DescribeLoadBalancerPolicies\",\"elasticloadbalancing:DescribeTargetGroups\",\"elasticloadbalancing:DescribeTargetHealth\",\"elasticloadbalancing:ModifyListener\",\"elasticloadbalancing:ModifyTargetGroup\",\"elasticloadbalancing:RegisterTargets\",\"elasticloadbalancing:SetLoadBalancerPoliciesOfListener\",\"iam:CreateServiceLinkedRole\",\"kms:DescribeKey\"],\"Effect\":\"Allow\",\"Resource\":[\"*\"]}],\"Version\":\"2012-10-17\"}",
            "policy_id": "ANPAV36PBQTE56SX7Z5T3",
            "tags": {},
            "tags_all": {}
          },
          "sensitive_attributes": [],
          "private": "bnVsbA=="
        }
      ]
    },
    {
      "mode": "managed",
      "type": "aws_iam_policy",
      "name": "policy_for_rke_etcd_worker_role",
      "provider": "provider[\"registry.terraform.io/hashicorp/aws\"]",
      "instances": [
        {
          "schema_version": 0,
          "attributes": {
            "arn": "arn:aws:iam::403624264905:policy/petclinic_policy_for_rke_etcd_worker_role",
            "description": "",
            "id": "arn:aws:iam::403624264905:policy/petclinic_policy_for_rke_etcd_worker_role",
            "name": "petclinic_policy_for_rke_etcd_worker_role",
            "name_prefix": "",
            "path": "/",
            "policy": "{\"Statement\":[{\"Action\":[\"ec2:DescribeInstances\",\"ec2:DescribeRegions\",\"ecr:GetAuthorizationToken\",\"ecr:BatchCheckLayerAvailability\",\"ecr:GetDownloadUrlForLayer\",\"ecr:GetRepositoryPolicy\",\"ecr:DescribeRepositories\",\"ecr:ListImages\",\"ecr:BatchGetImage\"],\"Effect\":\"Allow\",\"Resource\":\"*\"}],\"Version\":\"2012-10-17\"}",
            "policy_id": "ANPAV36PBQTE7NWOCNZSW",
            "tags": {},
            "tags_all": {}
          },
          "sensitive_attributes": [],
          "private": "bnVsbA=="
        }
      ]
    },
    {
      "mode": "managed",
      "type": "aws_iam_policy_attachment",
      "name": "attach_for_rancher1",
      "provider": "provider[\"registry.terraform.io/hashicorp/aws\"]",
      "instances": [
        {
          "schema_version": 0,
          "attributes": {
            "groups": [],
            "id": "petclinic_attachment_for_rancher_controlplane",
            "name": "petclinic_attachment_for_rancher_controlplane",
            "policy_arn": "arn:aws:iam::403624264905:policy/petclinic_policy_for_rke-controlplane_role",
            "roles": [
              "petclinic_role_rancher-oliver"
            ],
            "users": []
          },
          "sensitive_attributes": [],
          "private": "bnVsbA==",
          "dependencies": [
            "aws_iam_policy.policy_for_rke-controlplane_role",
            "aws_iam_role.role_for_rancher"
          ]
        }
      ]
    },
    {
      "mode": "managed",
      "type": "aws_iam_policy_attachment",
      "name": "attach_for_rancher2",
      "provider": "provider[\"registry.terraform.io/hashicorp/aws\"]",
      "instances": [
        {
          "schema_version": 0,
          "attributes": {
            "groups": [],
            "id": "petclinic_attachment_for_rancher_controlplane",
            "name": "petclinic_attachment_for_rancher_controlplane",
            "policy_arn": "arn:aws:iam::403624264905:policy/petclinic_policy_for_rke_etcd_worker_role",
            "roles": [
              "petclinic_role_rancher-oliver"
            ],
            "users": []
          },
          "sensitive_attributes": [],
          "private": "bnVsbA==",
          "dependencies": [
            "aws_iam_policy.policy_for_rke_etcd_worker_role",
            "aws_iam_role.role_for_rancher"
          ]
        }
      ]
    },
    {
      "mode": "managed",
      "type": "aws_iam_role",
      "name": "role_for_rancher",
      "provider": "provider[\"registry.terraform.io/hashicorp/aws\"]",
      "instances": [
        {
          "schema_version": 0,
          "attributes": {
            "arn": "arn:aws:iam::403624264905:role/petclinic_role_rancher-oliver",
            "assume_role_policy": "{\"Statement\":[{\"Action\":\"sts:AssumeRole\",\"Effect\":\"Allow\",\"Principal\":{\"Service\":\"ec2.amazonaws.com\"},\"Sid\":\"\"}],\"Version\":\"2012-10-17\"}",
            "create_date": "2024-04-04T09:36:23Z",
            "description": "",
            "force_detach_policies": false,
            "id": "petclinic_role_rancher-oliver",
            "inline_policy": [],
            "managed_policy_arns": [
              "arn:aws:iam::403624264905:policy/petclinic_policy_for_rke-controlplane_role",
              "arn:aws:iam::403624264905:policy/petclinic_policy_for_rke_etcd_worker_role"
            ],
            "max_session_duration": 3600,
            "name": "petclinic_role_rancher-oliver",
            "name_prefix": "",
            "path": "/",
            "permissions_boundary": "",
            "tags": {
              "Name": "petclinic_role_controlplane_rke"
            },
            "tags_all": {
              "Name": "petclinic_role_controlplane_rke"
            },
            "unique_id": "AROAV36PBQTEV4L2C2IZS"
          },
          "sensitive_attributes": [],
          "private": "bnVsbA=="
        }
      ]
    },
    {
      "mode": "managed",
      "type": "aws_instance",
      "name": "tf-rancher-server",
      "provider": "provider[\"registry.terraform.io/hashicorp/aws\"]",
      "instances": [
        {
          "schema_version": 1,
          "attributes": {
            "ami": "ami-07d9b9ddc6cd8dd30",
            "arn": "arn:aws:ec2:us-east-1:403624264905:instance/i-0a8ce31227b2021a2",
            "associate_public_ip_address": true,
            "availability_zone": "us-east-1a",
            "capacity_reservation_specification": [
              {
                "capacity_reservation_preference": "open",
                "capacity_reservation_target": []
              }
            ],
            "cpu_core_count": 1,
            "cpu_options": [
              {
                "amd_sev_snp": "",
                "core_count": 1,
                "threads_per_core": 2
              }
            ],
            "cpu_threads_per_core": 2,
            "credit_specification": [
              {
                "cpu_credits": "unlimited"
              }
            ],
            "disable_api_stop": false,
            "disable_api_termination": false,
            "ebs_block_device": [],
            "ebs_optimized": false,
            "enclave_options": [
              {
                "enabled": false
              }
            ],
            "ephemeral_block_device": [],
            "get_password_data": false,
            "hibernation": false,
            "host_id": "",
            "host_resource_group_arn": null,
            "iam_instance_profile": "petclinic_role_rancher-oliver",
            "id": "i-0a8ce31227b2021a2",
            "instance_initiated_shutdown_behavior": "stop",
            "instance_lifecycle": "",
            "instance_market_options": [],
            "instance_state": "running",
            "instance_type": "t3a.medium",
            "ipv6_address_count": 0,
            "ipv6_addresses": [],
            "key_name": "firstkey_pet",
            "launch_template": [],
            "maintenance_options": [
              {
                "auto_recovery": "default"
              }
            ],
            "metadata_options": [
              {
                "http_endpoint": "enabled",
                "http_protocol_ipv6": "disabled",
                "http_put_response_hop_limit": 1,
                "http_tokens": "optional",
                "instance_metadata_tags": "disabled"
              }
            ],
            "monitoring": false,
            "network_interface": [],
            "outpost_arn": "",
            "password_data": "",
            "placement_group": "",
            "placement_partition_number": 0,
            "primary_network_interface_id": "eni-0e78e3bfd170847b3",
            "private_dns": "ip-172-31-25-126.ec2.internal",
            "private_dns_name_options": [
              {
                "enable_resource_name_dns_a_record": false,
                "enable_resource_name_dns_aaaa_record": false,
                "hostname_type": "ip-name"
              }
            ],
            "private_ip": "172.31.25.126",
            "public_dns": "ec2-54-167-77-4.compute-1.amazonaws.com",
            "public_ip": "54.167.77.4",
            "root_block_device": [
              {
                "delete_on_termination": true,
                "device_name": "/dev/sda1",
                "encrypted": false,
                "iops": 100,
                "kms_key_id": "",
                "tags": {},
                "tags_all": {},
                "throughput": 0,
                "volume_id": "vol-03bc8a545929be814",
                "volume_size": 16,
                "volume_type": "gp2"
              }
            ],
            "secondary_private_ips": [],
            "security_groups": [
              "rancher-server-sec-gr-oliver"
            ],
            "source_dest_check": true,
            "spot_instance_request_id": "",
            "subnet_id": "subnet-02ee252b1b677f1d7",
            "tags": {
              "Name": "petclinic-rancher-server",
              "kubernetes.io/cluster/petclinic-Rancher": "owned"
            },
            "tags_all": {
              "Name": "petclinic-rancher-server",
              "kubernetes.io/cluster/petclinic-Rancher": "owned"
            },
            "tenancy": "default",
            "timeouts": null,
            "user_data": "dcb0b2a0ae4290493fa675d5a6d960f921d2e6d7",
            "user_data_base64": null,
            "user_data_replace_on_change": false,
            "volume_tags": null,
            "vpc_security_group_ids": [
              "sg-05365818da3d0ad82"
            ]
          },
          "sensitive_attributes": [],
          "private": "eyJlMmJmYjczMC1lY2FhLTExZTYtOGY4OC0zNDM2M2JjN2M0YzAiOnsiY3JlYXRlIjo2MDAwMDAwMDAwMDAsImRlbGV0ZSI6MTIwMDAwMDAwMDAwMCwicmVhZCI6OTAwMDAwMDAwMDAwLCJ1cGRhdGUiOjYwMDAwMDAwMDAwMH0sInNjaGVtYV92ZXJzaW9uIjoiMSJ9",
          "dependencies": [
            "aws_iam_instance_profile.profile_for_rancher",
            "aws_iam_role.role_for_rancher",
            "aws_key_pair.generated_key",
            "aws_security_group.rancher-alb",
            "aws_security_group.tf-rancher-sec-gr",
            "tls_private_key.example"
          ]
        }
      ]
    },
    {
      "mode": "managed",
      "type": "aws_key_pair",
      "name": "generated_key",
      "provider": "provider[\"registry.terraform.io/hashicorp/aws\"]",
      "instances": [
        {
          "schema_version": 1,
          "attributes": {
            "arn": "arn:aws:ec2:us-east-1:403624264905:key-pair/firstkey_pet",
            "fingerprint": "2b:85:6f:cc:48:22:d6:6b:c6:aa:09:87:0f:8f:88:2c",
            "id": "firstkey_pet",
            "key_name": "firstkey_pet",
            "key_name_prefix": "",
            "key_pair_id": "key-0fccb60b81fae26b8",
            "key_type": "rsa",
            "public_key": "ssh-rsa AAAAB3NzaC1yc2EAAAADAQABAAACAQDHs1DEcx//ImJ9/Sq1NL3NAv3TO/7wcdQhzcs/h7PCbIWnnnVTWJ/FRWsTIflh60+whgT6fWqYDliWIhWeJYwO1M/pzBUogAkMbCFLpmwAd8KA7hjcViMqiZ31gjUwJXSCxyAUYIAf7Tgzi36p29vL7sQk6PVMJip38eRME4K6ZGSL0Z7KVnR5spHMHLXsioGDaiVrABXsqNYiZpxLV40MSB7P//uD5JaRVPMNQ7Rc/UNMQ2H+odysublHJdfZu7KTugqAu1s3IJ9cuqACTZqaavFpGWonR5EZh4wyU9G5OOv25qwwHUaOix7Gat5pMzMtGogu2TLm19gCIBJ1c8Q6kIf0NZUHGoQhQZmmbgvn9OgC+P6mfP6pkdqz0WRxeaEB4QwE2j1J9CxTayl/hE2FyXKcm/cwWsp2HU+G3lmEPKEvCFlYC1CxF0rfGpKF5HMxbJfPSN31a8nrbC9xjJT/7UoQ8LAz4f5fbVPavb+GXzeKUsDXBVdFbPr+Slbpd5ty1Pc8Rn9t0QAVTq0AedMZfg/7heVJvHPHcbJ4as9d1HcB+vxxfA/PUeVmltm8hZtt9+R6C9QDFhIgWpzTRWW8zDONVhBUSPNb5In+mZZ754lGy2KyzqwDJkiEsAuDw55osCD5OF3kaaGZ5zxS92NBuLHOdIdpYlxmcjuzhO+WAw==",
            "tags": {},
            "tags_all": {}
          },
          "sensitive_attributes": [],
          "private": "eyJzY2hlbWFfdmVyc2lvbiI6IjEifQ==",
          "dependencies": [
            "tls_private_key.example"
          ]
        }
      ]
    },
    {
      "mode": "managed",
      "type": "aws_lb",
      "name": "rancher-alb",
      "provider": "provider[\"registry.terraform.io/hashicorp/aws\"]",
      "instances": [
        {
          "schema_version": 0,
          "attributes": {
            "access_logs": [
              {
                "bucket": "",
                "enabled": false,
                "prefix": ""
              }
            ],
            "arn": "arn:aws:elasticloadbalancing:us-east-1:403624264905:loadbalancer/app/petclinic-rancher-alb-oliver/a693c9edfd165016",
            "arn_suffix": "app/petclinic-rancher-alb-oliver/a693c9edfd165016",
            "connection_logs": [
              {
                "bucket": "",
                "enabled": false,
                "prefix": ""
              }
            ],
            "customer_owned_ipv4_pool": "",
            "desync_mitigation_mode": "defensive",
            "dns_name": "petclinic-rancher-alb-oliver-1649472133.us-east-1.elb.amazonaws.com",
            "dns_record_client_routing_policy": null,
            "drop_invalid_header_fields": false,
            "enable_cross_zone_load_balancing": true,
            "enable_deletion_protection": false,
            "enable_http2": true,
            "enable_tls_version_and_cipher_suite_headers": false,
            "enable_waf_fail_open": false,
            "enable_xff_client_port": false,
            "enforce_security_group_inbound_rules_on_private_link_traffic": "",
            "id": "arn:aws:elasticloadbalancing:us-east-1:403624264905:loadbalancer/app/petclinic-rancher-alb-oliver/a693c9edfd165016",
            "idle_timeout": 60,
            "internal": false,
            "ip_address_type": "ipv4",
            "load_balancer_type": "application",
            "name": "petclinic-rancher-alb-oliver",
            "name_prefix": "",
            "preserve_host_header": false,
            "security_groups": [
              "sg-0fb0d9f830974003a"
            ],
            "subnet_mapping": [
              {
                "allocation_id": "",
                "ipv6_address": "",
                "outpost_id": "",
                "private_ipv4_address": "",
                "subnet_id": "subnet-02ee252b1b677f1d7"
              },
              {
                "allocation_id": "",
                "ipv6_address": "",
                "outpost_id": "",
                "private_ipv4_address": "",
                "subnet_id": "subnet-0312961eadac97be3"
              },
              {
                "allocation_id": "",
                "ipv6_address": "",
                "outpost_id": "",
                "private_ipv4_address": "",
                "subnet_id": "subnet-0cf0056a10d4a65ec"
              }
            ],
            "subnets": [
              "subnet-02ee252b1b677f1d7",
              "subnet-0312961eadac97be3",
              "subnet-0cf0056a10d4a65ec"
            ],
            "tags": {},
            "tags_all": {},
            "timeouts": null,
            "vpc_id": "vpc-0e10bf6ff93dab93e",
            "xff_header_processing_mode": "append",
            "zone_id": "Z35SXDOTRQ7X7K"
          },
          "sensitive_attributes": [],
          "private": "eyJlMmJmYjczMC1lY2FhLTExZTYtOGY4OC0zNDM2M2JjN2M0YzAiOnsiY3JlYXRlIjo2MDAwMDAwMDAwMDAsImRlbGV0ZSI6NjAwMDAwMDAwMDAwLCJ1cGRhdGUiOjYwMDAwMDAwMDAwMH19",
          "dependencies": [
            "aws_security_group.rancher-alb"
          ]
        }
      ]
    },
    {
      "mode": "managed",
      "type": "aws_route53_record",
      "name": "arecord",
      "provider": "provider[\"registry.terraform.io/hashicorp/aws\"]",
      "instances": [
        {
          "schema_version": 2,
          "attributes": {
            "alias": [
              {
                "evaluate_target_health": true,
                "name": "petclinic-rancher-alb-oliver-1649472133.us-east-1.elb.amazonaws.com",
                "zone_id": "Z35SXDOTRQ7X7K"
              }
            ],
            "allow_overwrite": null,
            "cidr_routing_policy": [],
            "failover_routing_policy": [],
            "fqdn": "ranchero.yasinkartal.com",
            "geolocation_routing_policy": [],
            "geoproximity_routing_policy": [],
            "health_check_id": "",
            "id": "Z06535541OD2H8CF4P7OP_ranchero.yasinkartal.com_A",
            "latency_routing_policy": [],
            "multivalue_answer_routing_policy": false,
            "name": "ranchero.yasinkartal.com",
            "records": [],
            "set_identifier": "",
            "ttl": 0,
            "type": "A",
            "weighted_routing_policy": [],
            "zone_id": "Z06535541OD2H8CF4P7OP"
          },
          "sensitive_attributes": [],
          "private": "eyJzY2hlbWFfdmVyc2lvbiI6IjIifQ==",
          "dependencies": [
            "aws_lb.rancher-alb",
            "aws_security_group.rancher-alb",
            "data.aws_route53_zone.dns"
          ]
        }
      ]
    },
    {
      "mode": "managed",
      "type": "aws_security_group",
      "name": "rancher-alb",
      "provider": "provider[\"registry.terraform.io/hashicorp/aws\"]",
      "instances": [
        {
          "schema_version": 1,
          "attributes": {
            "arn": "arn:aws:ec2:us-east-1:403624264905:security-group/sg-0fb0d9f830974003a",
            "description": "Managed by Terraform",
            "egress": [
              {
                "cidr_blocks": [
                  "0.0.0.0/0"
                ],
                "description": "",
                "from_port": 0,
                "ipv6_cidr_blocks": [],
                "prefix_list_ids": [],
                "protocol": "-1",
                "security_groups": [],
                "self": false,
                "to_port": 0
              }
            ],
            "id": "sg-0fb0d9f830974003a",
            "ingress": [
              {
                "cidr_blocks": [
                  "0.0.0.0/0"
                ],
                "description": "",
                "from_port": 443,
                "ipv6_cidr_blocks": [],
                "prefix_list_ids": [],
                "protocol": "tcp",
                "security_groups": [],
                "self": false,
                "to_port": 443
              },
              {
                "cidr_blocks": [
                  "0.0.0.0/0"
                ],
                "description": "",
                "from_port": 80,
                "ipv6_cidr_blocks": [],
                "prefix_list_ids": [],
                "protocol": "tcp",
                "security_groups": [],
                "self": false,
                "to_port": 80
              }
            ],
            "name": "petclinicdt-rancher-alb-sec-gr",
            "name_prefix": "",
            "owner_id": "403624264905",
            "revoke_rules_on_delete": false,
            "tags": {
              "Name": "petclinicdt-rancher-alb-sec-gr",
              "kubernetes.io/cluster/petclinic-Rancher": "owned"
            },
            "tags_all": {
              "Name": "petclinicdt-rancher-alb-sec-gr",
              "kubernetes.io/cluster/petclinic-Rancher": "owned"
            },
            "timeouts": null,
            "vpc_id": "vpc-0e10bf6ff93dab93e"
          },
          "sensitive_attributes": [],
          "private": "eyJlMmJmYjczMC1lY2FhLTExZTYtOGY4OC0zNDM2M2JjN2M0YzAiOnsiY3JlYXRlIjo2MDAwMDAwMDAwMDAsImRlbGV0ZSI6OTAwMDAwMDAwMDAwfSwic2NoZW1hX3ZlcnNpb24iOiIxIn0="
        }
      ]
    },
    {
      "mode": "managed",
      "type": "aws_security_group",
      "name": "tf-rancher-sec-gr",
      "provider": "provider[\"registry.terraform.io/hashicorp/aws\"]",
      "instances": [
        {
          "schema_version": 1,
          "attributes": {
            "arn": "arn:aws:ec2:us-east-1:403624264905:security-group/sg-05365818da3d0ad82",
            "description": "Managed by Terraform",
            "egress": [
              {
                "cidr_blocks": [
                  "0.0.0.0/0"
                ],
                "description": "",
                "from_port": 0,
                "ipv6_cidr_blocks": [],
                "prefix_list_ids": [],
                "protocol": "-1",
                "security_groups": [],
                "self": false,
                "to_port": 0
              },
              {
                "cidr_blocks": [
                  "0.0.0.0/0"
                ],
                "description": "",
                "from_port": 22,
                "ipv6_cidr_blocks": [],
                "prefix_list_ids": [],
                "protocol": "tcp",
                "security_groups": [],
                "self": false,
                "to_port": 22
              },
              {
                "cidr_blocks": [
                  "0.0.0.0/0"
                ],
                "description": "",
                "from_port": 2376,
                "ipv6_cidr_blocks": [],
                "prefix_list_ids": [],
                "protocol": "tcp",
                "security_groups": [],
                "self": false,
                "to_port": 2376
              },
              {
                "cidr_blocks": [
                  "0.0.0.0/0"
                ],
                "description": "",
                "from_port": 80,
                "ipv6_cidr_blocks": [],
                "prefix_list_ids": [],
                "protocol": "tcp",
                "security_groups": [],
                "self": false,
                "to_port": 80
              },
              {
                "cidr_blocks": [
                  "35.167.242.46/32",
                  "52.33.59.17/32",
                  "35.160.43.145/32"
                ],
                "description": "",
                "from_port": 443,
                "ipv6_cidr_blocks": [],
                "prefix_list_ids": [],
                "protocol": "tcp",
                "security_groups": [],
                "self": false,
                "to_port": 443
              },
              {
                "cidr_blocks": [],
                "description": "",
                "from_port": 0,
                "ipv6_cidr_blocks": [],
                "prefix_list_ids": [],
                "protocol": "-1",
                "security_groups": [],
                "self": true,
                "to_port": 0
              }
            ],
            "id": "sg-05365818da3d0ad82",
            "ingress": [
              {
                "cidr_blocks": [
                  "0.0.0.0/0"
                ],
                "description": "",
                "from_port": 22,
                "ipv6_cidr_blocks": [],
                "prefix_list_ids": [],
                "protocol": "tcp",
                "security_groups": [],
                "self": false,
                "to_port": 22
              },
              {
                "cidr_blocks": [
                  "0.0.0.0/0"
                ],
                "description": "",
                "from_port": 443,
                "ipv6_cidr_blocks": [],
                "prefix_list_ids": [],
                "protocol": "tcp",
                "security_groups": [],
                "self": false,
                "to_port": 443
              },
              {
                "cidr_blocks": [
                  "0.0.0.0/0"
                ],
                "description": "",
                "from_port": 6443,
                "ipv6_cidr_blocks": [],
                "prefix_list_ids": [],
                "protocol": "tcp",
                "security_groups": [],
                "self": false,
                "to_port": 6443
              },
              {
                "cidr_blocks": [],
                "description": "",
                "from_port": 0,
                "ipv6_cidr_blocks": [],
                "prefix_list_ids": [],
                "protocol": "-1",
                "security_groups": [],
                "self": true,
                "to_port": 0
              },
              {
                "cidr_blocks": [],
                "description": "",
                "from_port": 80,
                "ipv6_cidr_blocks": [],
                "prefix_list_ids": [],
                "protocol": "tcp",
                "security_groups": [
                  "sg-0fb0d9f830974003a"
                ],
                "self": false,
                "to_port": 80
              }
            ],
            "name": "rancher-server-sec-gr-oliver",
            "name_prefix": "",
            "owner_id": "403624264905",
            "revoke_rules_on_delete": false,
            "tags": {
              "Name": "rancher-server-sec-gr-oliver",
              "kubernetes.io/cluster/petclinic-Rancher": "owned"
            },
            "tags_all": {
              "Name": "rancher-server-sec-gr-oliver",
              "kubernetes.io/cluster/petclinic-Rancher": "owned"
            },
            "timeouts": null,
            "vpc_id": "vpc-0e10bf6ff93dab93e"
          },
          "sensitive_attributes": [],
          "private": "eyJlMmJmYjczMC1lY2FhLTExZTYtOGY4OC0zNDM2M2JjN2M0YzAiOnsiY3JlYXRlIjo2MDAwMDAwMDAwMDAsImRlbGV0ZSI6OTAwMDAwMDAwMDAwfSwic2NoZW1hX3ZlcnNpb24iOiIxIn0=",
          "dependencies": [
            "aws_security_group.rancher-alb"
          ]
        }
      ]
    },
    {
      "mode": "managed",
      "type": "tls_private_key",
      "name": "example",
      "provider": "provider[\"registry.terraform.io/hashicorp/tls\"]",
      "instances": [
        {
          "schema_version": 1,
          "attributes": {
            "algorithm": "RSA",
            "ecdsa_curve": "P224",
            "id": "884de665da4992bf68bffbad088da0b81af821c4",
            "private_key_openssh": "-----BEGIN OPENSSH PRIVATE KEY-----\nb3BlbnNzaC1rZXktdjEAAAAABG5vbmUAAAAEbm9uZQAAAAAAAAABAAACFwAAAAdz\nc2gtcnNhAAAAAwEAAQAAAgEAx7NQxHMf/yJiff0qtTS9zQL90zv+8HHUIc3LP4ez\nwmyFp551U1ifxUVrEyH5YetPsIYE+n1qmA5YliIVniWMDtTP6cwVKIAJDGwhS6Zs\nAHfCgO4Y3FYjKomd9YI1MCV0gscgFGCAH+04M4t+qdvby+7EJOj1TCYqd/HkTBOC\numRki9GeylZ0ebKRzBy17IqBg2olawAV7KjWImacS1eNDEgez//7g+SWkVTzDUO0\nXP1DTENh/qHcrLm5RyXX2buyk7oKgLtbNyCfXLqgAk2ammrxaRlqJ0eRGYeMMlPR\nuTjr9uasMB1GjosexmreaTMzLRqILtky5tfYAiASdXPEOpCH9DWVBxqEIUGZpm4L\n5/ToAvj+pnz+qZHas9FkcXmhAeEMBNo9SfQsU2spf4RNhclynJv3MFrKdh1Pht5Z\nhDyhLwhZWAtQsRdK3xqSheRzMWyXz0jd9WvJ62wvcYyU/+1KEPCwM+H+X21T2r2/\nhl83ilLA1wVXRWz6/kpW6XebctT3PEZ/bdEAFU6tAHnTGX4P+4XlSbxzx3GyeGrP\nXdR3Afr8cXwPz1HlZpbZvIWbbffkegvUAxYSIFqc00VlvMwzjVYQVEjzW+SJ/pmW\ne+eJRstiss6sAyZIhLALg8OeaLAg+Thd5Gmhmec8UvdjQbixznSHaWJcZnI7s4Tv\nlgMAAAc4ANEtewDRLXsAAAAHc3NoLXJzYQAAAgEAx7NQxHMf/yJiff0qtTS9zQL9\n0zv+8HHUIc3LP4ezwmyFp551U1ifxUVrEyH5YetPsIYE+n1qmA5YliIVniWMDtTP\n6cwVKIAJDGwhS6ZsAHfCgO4Y3FYjKomd9YI1MCV0gscgFGCAH+04M4t+qdvby+7E\nJOj1TCYqd/HkTBOCumRki9GeylZ0ebKRzBy17IqBg2olawAV7KjWImacS1eNDEge\nz//7g+SWkVTzDUO0XP1DTENh/qHcrLm5RyXX2buyk7oKgLtbNyCfXLqgAk2ammrx\naRlqJ0eRGYeMMlPRuTjr9uasMB1GjosexmreaTMzLRqILtky5tfYAiASdXPEOpCH\n9DWVBxqEIUGZpm4L5/ToAvj+pnz+qZHas9FkcXmhAeEMBNo9SfQsU2spf4RNhcly\nnJv3MFrKdh1Pht5ZhDyhLwhZWAtQsRdK3xqSheRzMWyXz0jd9WvJ62wvcYyU/+1K\nEPCwM+H+X21T2r2/hl83ilLA1wVXRWz6/kpW6XebctT3PEZ/bdEAFU6tAHnTGX4P\n+4XlSbxzx3GyeGrPXdR3Afr8cXwPz1HlZpbZvIWbbffkegvUAxYSIFqc00VlvMwz\njVYQVEjzW+SJ/pmWe+eJRstiss6sAyZIhLALg8OeaLAg+Thd5Gmhmec8UvdjQbix\nznSHaWJcZnI7s4TvlgMAAAADAQABAAACAC0SxAATG/2x/RkCs0kDBnPnYPL0b65F\nguO+V0mXj3Mqm2Ah28lcD3OvH2PKH0eCnRHyrdz7wbtgQY5hUw/G2b3fOq5CaeQi\nQeiT30/72BSi8zu2gdX5eyZ2uThYkziyu4FpAEyZG1IZcL3xlj0waoO0+IB8NCFj\n2+IGrsic/ryjPC5yuaxhpxhwvYecU1N4T5MhuiBUfJ5V3T8WeeBnemZzQMEhvdsf\nFPzod5Ne3K7AWxgzfULDtdMmeDMez4FNZBkDvKshnozqyA1d8g+TBHol+ScHnXYQ\nKSfh+DrDwGpV9qxblDGn6ezyaZfPNzP3Ym2jt2kbjOmdfhu8sW3hG0DV2qS2wjuX\nP5E+4rue3Z90dDjKJsATLwl3B8767XTFhJLnKhmSnNaWZvJBm18mYpIukyLpJb1M\nuCYAkGmNQyjGLxzgMiGXujV/4UP0+OxMmTqjtsHKIMGbAyT3wjhy3rksJV2suAln\ndnXKXs+vWuD7H11kQISGAc1nR5tEV6asbvHzA+scfFLQP3+xparMKk9cgunvZ9Yo\nZGrJ6ds/vc39Am/eSzxESJmTu/EY+5BxPy+Zz6V+iwULRmGqbTun0yzHKgcaB3xl\nkplRtsJgBatXQVZHIM6cIClMae+EfK03S9vO/7H455aEySs4VeofIeH2frYFpWTd\nfq60U6L9Mu0BAAABAQCgj7S1ExuuU8IGY69mA1EKZrZKiDn8f1Dd9qG96mHxmYpX\nJ7FPghzIFf2XuM9xXl8pu6QMYIp2Krtf+2wujjYaWywWpvnP5h3FhHlDYjbPm6Xg\nCplesZ99n/wxOCPp1fAI8kr2+0r7HxvuUxoKaj1gNMZZol0czlMkrJoxjOrnDTSE\ntJHJGxgA465bvLEMSPXe6Wwt/mhNF83sps9q7ctIU5jYgsG9pJCfgYAvB0DhbRs+\n0MtEMS6VrqEex6/U10xH/mTvc+Gs7aGFh0Ey9R66+6efWwc7yxEXsOnPi1e7y5dr\nMGIwilasJ9ItoDm30a+rboyOLEg0BOKtWZE8F8cqAAABAQDIJi5iyUrTyR83pSxL\ni7GlL6PC0acpA2/WqnGalkc5FlrfNWtlExAIfJO5kXkKCy0MLvOfr3WHs0gls2CL\nHSuaTMNIIljRFx4yr/PcFVIAn9q1msU9tgo5mL2gg3VT/ySsiv3acfsGyk8A7YCE\nXteHGLSHO4U48y0I1j0TAJXjvACxZXgockRonYpHmo7RO+adhK+hYqOno5v6zIp7\ncx8zbh+AuX+0wVxo452+XPyERP95mX78Jj6CNQDPjYUNDjcfyOnmDbctCxuJMN8C\nj+SinZkMre61z9UW96tYYIt1czM8WCOziP/DgAs7kFBkCzRIaQZIHwzXl7EhqW54\nxNrRAAABAQD/bRTbHwsrQxlTZ6B1aaxgRV1wnGnnT5n9WNwgcAWmJJrlpUwehU7F\nYK49MhxSobso44xAY08QvxOCpPleOv7kppvxzFtntdB38NT7zwGsoB/NQVcCHMci\nDKCpWXap/i4jARXR4wOPeMjUKPtqWIIojkf00ObMsmaZORA0YRLZauVvwW0pahNz\n+Zi29Au5q6D3w8/v1TWDzt5f+RXIKOr0YE19QPY3pW88QqKvkBva2qPH0xedK0hq\nIUuOrbquDB+7QHCxheUEYzePREjevmYIeVvpOiK2t8+xqlw1QkUT//UpGPtOZHqo\nEyh3USRoxP8IbsdEcHyc+5n8xENfIvCTAAAAAAEC\n-----END OPENSSH PRIVATE KEY-----\n",
            "private_key_pem": "-----BEGIN RSA PRIVATE KEY-----\nMIIJKQIBAAKCAgEAx7NQxHMf/yJiff0qtTS9zQL90zv+8HHUIc3LP4ezwmyFp551\nU1ifxUVrEyH5YetPsIYE+n1qmA5YliIVniWMDtTP6cwVKIAJDGwhS6ZsAHfCgO4Y\n3FYjKomd9YI1MCV0gscgFGCAH+04M4t+qdvby+7EJOj1TCYqd/HkTBOCumRki9Ge\nylZ0ebKRzBy17IqBg2olawAV7KjWImacS1eNDEgez//7g+SWkVTzDUO0XP1DTENh\n/qHcrLm5RyXX2buyk7oKgLtbNyCfXLqgAk2ammrxaRlqJ0eRGYeMMlPRuTjr9uas\nMB1GjosexmreaTMzLRqILtky5tfYAiASdXPEOpCH9DWVBxqEIUGZpm4L5/ToAvj+\npnz+qZHas9FkcXmhAeEMBNo9SfQsU2spf4RNhclynJv3MFrKdh1Pht5ZhDyhLwhZ\nWAtQsRdK3xqSheRzMWyXz0jd9WvJ62wvcYyU/+1KEPCwM+H+X21T2r2/hl83ilLA\n1wVXRWz6/kpW6XebctT3PEZ/bdEAFU6tAHnTGX4P+4XlSbxzx3GyeGrPXdR3Afr8\ncXwPz1HlZpbZvIWbbffkegvUAxYSIFqc00VlvMwzjVYQVEjzW+SJ/pmWe+eJRsti\nss6sAyZIhLALg8OeaLAg+Thd5Gmhmec8UvdjQbixznSHaWJcZnI7s4TvlgMCAwEA\nAQKCAgAtEsQAExv9sf0ZArNJAwZz52Dy9G+uRYLjvldJl49zKptgIdvJXA9zrx9j\nyh9Hgp0R8q3c+8G7YEGOYVMPxtm93zquQmnkIkHok99P+9gUovM7toHV+Xsmdrk4\nWJM4sruBaQBMmRtSGXC98ZY9MGqDtPiAfDQhY9viBq7InP68ozwucrmsYacYcL2H\nnFNTeE+TIbogVHyeVd0/FnngZ3pmc0DBIb3bHxT86HeTXtyuwFsYM31Cw7XTJngz\nHs+BTWQZA7yrIZ6M6sgNXfIPkwR6JfknB512ECkn4fg6w8BqVfasW5Qxp+ns8mmX\nzzcz92Jto7dpG4zpnX4bvLFt4RtA1dqktsI7lz+RPuK7nt2fdHQ4yibAEy8JdwfO\n+u10xYSS5yoZkpzWlmbyQZtfJmKSLpMi6SW9TLgmAJBpjUMoxi8c4DIhl7o1f+FD\n9PjsTJk6o7bByiDBmwMk98I4ct65LCVdrLgJZ3Z1yl7Pr1rg+x9dZECEhgHNZ0eb\nRFemrG7x8wPrHHxS0D9/saWqzCpPXILp72fWKGRqyenbP73N/QJv3ks8REiZk7vx\nGPuQcT8vmc+lfosFC0Zhqm07p9MsxyoHGgd8ZZKZUbbCYAWrV0FWRyDOnCApTGnv\nhHytN0vbzv+x+OeWhMkrOFXqHyHh9n62BaVk3X6utFOi/TLtAQKCAQEAyCYuYslK\n08kfN6UsS4uxpS+jwtGnKQNv1qpxmpZHORZa3zVrZRMQCHyTuZF5CgstDC7zn691\nh7NIJbNgix0rmkzDSCJY0RceMq/z3BVSAJ/atZrFPbYKOZi9oIN1U/8krIr92nH7\nBspPAO2AhF7Xhxi0hzuFOPMtCNY9EwCV47wAsWV4KHJEaJ2KR5qO0TvmnYSvoWKj\np6Ob+syKe3MfM24fgLl/tMFcaOOdvlz8hET/eZl+/CY+gjUAz42FDQ43H8jp5g23\nLQsbiTDfAo/kop2ZDK3utc/VFverWGCLdXMzPFgjs4j/w4ALO5BQZAs0SGkGSB8M\n15exIalueMTa0QKCAQEA/20U2x8LK0MZU2egdWmsYEVdcJxp50+Z/VjcIHAFpiSa\n5aVMHoVOxWCuPTIcUqG7KOOMQGNPEL8TgqT5Xjr+5Kab8cxbZ7XQd/DU+88BrKAf\nzUFXAhzHIgygqVl2qf4uIwEV0eMDj3jI1Cj7aliCKI5H9NDmzLJmmTkQNGES2Wrl\nb8FtKWoTc/mYtvQLuaug98PP79U1g87eX/kVyCjq9GBNfUD2N6VvPEKir5Ab2tqj\nx9MXnStIaiFLjq26rgwfu0BwsYXlBGM3j0RI3r5mCHlb6ToitrfPsapcNUJFE//1\nKRj7TmR6qBMod1EkaMT/CG7HRHB8nPuZ/MRDXyLwkwKCAQAIpuXgbVUnvIz16dT1\nWw+N1XZdyJRSSIzAGdQZW5+ujxHUjkmbL+zEgSYdonU6AuuqmCj94SbSe+SFhLCK\nsvMck27polp2h2pNxJ9lByLpVf+tVAhst37PqJOh6azbua7LKqL4m26/h2VM4/dn\nQXZNp7q+Ecubf5+VvzUaqi7QjmL1SC6eiPn+D7lXiQ3da5p3erHg5xOt/nuSpt7h\noUNbBMql1N75YFZvTk+WWAyuZxEoH4OGwNx44nOrhTGYM+IcJKI/yJ3/e3hwQMWT\nJcc7ZFamXqpv/5D1kjU898dvh1BSrni0nRp5SAK0S3O+L2HOM4QLABSdCTil/N4C\nqHfRAoIBAQCUHTnx0m+Ul6Uw8y9dxnhZnv+PFHRo2ITwHz4OZUcxT5quvgqEzEKg\nO+7tt4gq9nPkQwcKM0we5t42bNnZpZY3GtHlBd6fJhQL6RBoMGLFKlkmmdQNeoiS\nmwXzDdi8vJMeYzu26NAguyahuF4KDeb0A4WAVj7vxieuhCN8bCoU/2KqSly1njhH\nkR3YQW4nLXn7EoYaieUtWKEkv/i8h9Wu/cURc8ETBZCaPf2+lm9AmnZMooDX98hX\nGpWI1/8ffBJOcBCpMH5b6/jE0BD9cSUTluQQO1Dz6WS7npE3pQUPkuYj/cOEcsmZ\nevqFLf1R76H/ztUoP55THabupxR2L3mXAoIBAQCgj7S1ExuuU8IGY69mA1EKZrZK\niDn8f1Dd9qG96mHxmYpXJ7FPghzIFf2XuM9xXl8pu6QMYIp2Krtf+2wujjYaWywW\npvnP5h3FhHlDYjbPm6XgCplesZ99n/wxOCPp1fAI8kr2+0r7HxvuUxoKaj1gNMZZ\nol0czlMkrJoxjOrnDTSEtJHJGxgA465bvLEMSPXe6Wwt/mhNF83sps9q7ctIU5jY\ngsG9pJCfgYAvB0DhbRs+0MtEMS6VrqEex6/U10xH/mTvc+Gs7aGFh0Ey9R66+6ef\nWwc7yxEXsOnPi1e7y5drMGIwilasJ9ItoDm30a+rboyOLEg0BOKtWZE8F8cq\n-----END RSA PRIVATE KEY-----\n",
            "private_key_pem_pkcs8": "-----BEGIN PRIVATE KEY-----\nMIIJQwIBADANBgkqhkiG9w0BAQEFAASCCS0wggkpAgEAAoICAQDHs1DEcx//ImJ9\n/Sq1NL3NAv3TO/7wcdQhzcs/h7PCbIWnnnVTWJ/FRWsTIflh60+whgT6fWqYDliW\nIhWeJYwO1M/pzBUogAkMbCFLpmwAd8KA7hjcViMqiZ31gjUwJXSCxyAUYIAf7Tgz\ni36p29vL7sQk6PVMJip38eRME4K6ZGSL0Z7KVnR5spHMHLXsioGDaiVrABXsqNYi\nZpxLV40MSB7P//uD5JaRVPMNQ7Rc/UNMQ2H+odysublHJdfZu7KTugqAu1s3IJ9c\nuqACTZqaavFpGWonR5EZh4wyU9G5OOv25qwwHUaOix7Gat5pMzMtGogu2TLm19gC\nIBJ1c8Q6kIf0NZUHGoQhQZmmbgvn9OgC+P6mfP6pkdqz0WRxeaEB4QwE2j1J9CxT\nayl/hE2FyXKcm/cwWsp2HU+G3lmEPKEvCFlYC1CxF0rfGpKF5HMxbJfPSN31a8nr\nbC9xjJT/7UoQ8LAz4f5fbVPavb+GXzeKUsDXBVdFbPr+Slbpd5ty1Pc8Rn9t0QAV\nTq0AedMZfg/7heVJvHPHcbJ4as9d1HcB+vxxfA/PUeVmltm8hZtt9+R6C9QDFhIg\nWpzTRWW8zDONVhBUSPNb5In+mZZ754lGy2KyzqwDJkiEsAuDw55osCD5OF3kaaGZ\n5zxS92NBuLHOdIdpYlxmcjuzhO+WAwIDAQABAoICAC0SxAATG/2x/RkCs0kDBnPn\nYPL0b65FguO+V0mXj3Mqm2Ah28lcD3OvH2PKH0eCnRHyrdz7wbtgQY5hUw/G2b3f\nOq5CaeQiQeiT30/72BSi8zu2gdX5eyZ2uThYkziyu4FpAEyZG1IZcL3xlj0waoO0\n+IB8NCFj2+IGrsic/ryjPC5yuaxhpxhwvYecU1N4T5MhuiBUfJ5V3T8WeeBnemZz\nQMEhvdsfFPzod5Ne3K7AWxgzfULDtdMmeDMez4FNZBkDvKshnozqyA1d8g+TBHol\n+ScHnXYQKSfh+DrDwGpV9qxblDGn6ezyaZfPNzP3Ym2jt2kbjOmdfhu8sW3hG0DV\n2qS2wjuXP5E+4rue3Z90dDjKJsATLwl3B8767XTFhJLnKhmSnNaWZvJBm18mYpIu\nkyLpJb1MuCYAkGmNQyjGLxzgMiGXujV/4UP0+OxMmTqjtsHKIMGbAyT3wjhy3rks\nJV2suAlndnXKXs+vWuD7H11kQISGAc1nR5tEV6asbvHzA+scfFLQP3+xparMKk9c\ngunvZ9YoZGrJ6ds/vc39Am/eSzxESJmTu/EY+5BxPy+Zz6V+iwULRmGqbTun0yzH\nKgcaB3xlkplRtsJgBatXQVZHIM6cIClMae+EfK03S9vO/7H455aEySs4VeofIeH2\nfrYFpWTdfq60U6L9Mu0BAoIBAQDIJi5iyUrTyR83pSxLi7GlL6PC0acpA2/WqnGa\nlkc5FlrfNWtlExAIfJO5kXkKCy0MLvOfr3WHs0gls2CLHSuaTMNIIljRFx4yr/Pc\nFVIAn9q1msU9tgo5mL2gg3VT/ySsiv3acfsGyk8A7YCEXteHGLSHO4U48y0I1j0T\nAJXjvACxZXgockRonYpHmo7RO+adhK+hYqOno5v6zIp7cx8zbh+AuX+0wVxo452+\nXPyERP95mX78Jj6CNQDPjYUNDjcfyOnmDbctCxuJMN8Cj+SinZkMre61z9UW96tY\nYIt1czM8WCOziP/DgAs7kFBkCzRIaQZIHwzXl7EhqW54xNrRAoIBAQD/bRTbHwsr\nQxlTZ6B1aaxgRV1wnGnnT5n9WNwgcAWmJJrlpUwehU7FYK49MhxSobso44xAY08Q\nvxOCpPleOv7kppvxzFtntdB38NT7zwGsoB/NQVcCHMciDKCpWXap/i4jARXR4wOP\neMjUKPtqWIIojkf00ObMsmaZORA0YRLZauVvwW0pahNz+Zi29Au5q6D3w8/v1TWD\nzt5f+RXIKOr0YE19QPY3pW88QqKvkBva2qPH0xedK0hqIUuOrbquDB+7QHCxheUE\nYzePREjevmYIeVvpOiK2t8+xqlw1QkUT//UpGPtOZHqoEyh3USRoxP8IbsdEcHyc\n+5n8xENfIvCTAoIBAAim5eBtVSe8jPXp1PVbD43Vdl3IlFJIjMAZ1Blbn66PEdSO\nSZsv7MSBJh2idToC66qYKP3hJtJ75IWEsIqy8xyTbumiWnaHak3En2UHIulV/61U\nCGy3fs+ok6HprNu5rssqovibbr+HZUzj92dBdk2nur4Ry5t/n5W/NRqqLtCOYvVI\nLp6I+f4PuVeJDd1rmnd6seDnE63+e5Km3uGhQ1sEyqXU3vlgVm9OT5ZYDK5nESgf\ng4bA3Hjic6uFMZgz4hwkoj/Inf97eHBAxZMlxztkVqZeqm//kPWSNTz3x2+HUFKu\neLSdGnlIArRLc74vYc4zhAsAFJ0JOKX83gKod9ECggEBAJQdOfHSb5SXpTDzL13G\neFme/48UdGjYhPAfPg5lRzFPmq6+CoTMQqA77u23iCr2c+RDBwozTB7m3jZs2dml\nljca0eUF3p8mFAvpEGgwYsUqWSaZ1A16iJKbBfMN2Ly8kx5jO7bo0CC7JqG4XgoN\n5vQDhYBWPu/GJ66EI3xsKhT/YqpKXLWeOEeRHdhBbictefsShhqJ5S1YoSS/+LyH\n1a79xRFzwRMFkJo9/b6Wb0CadkyigNf3yFcalYjX/x98Ek5wEKkwflvr+MTQEP1x\nJROW5BA7UPPpZLuekTelBQ+S5iP9w4RyyZl6+oUt/VHvof/O1Sg/nlMdpu6nFHYv\neZcCggEBAKCPtLUTG65TwgZjr2YDUQpmtkqIOfx/UN32ob3qYfGZilcnsU+CHMgV\n/Ze4z3FeXym7pAxginYqu1/7bC6ONhpbLBam+c/mHcWEeUNiNs+bpeAKmV6xn32f\n/DE4I+nV8AjySvb7SvsfG+5TGgpqPWA0xlmiXRzOUySsmjGM6ucNNIS0kckbGADj\nrlu8sQxI9d7pbC3+aE0Xzeymz2rty0hTmNiCwb2kkJ+BgC8HQOFtGz7Qy0QxLpWu\noR7Hr9TXTEf+ZO9z4aztoYWHQTL1Hrr7p59bBzvLERew6c+LV7vLl2swYjCKVqwn\n0i2gObfRr6tujI4sSDQE4q1ZkTwXxyo=\n-----END PRIVATE KEY-----\n",
            "public_key_fingerprint_md5": "c1:28:29:a8:08:26:5b:17:fe:4d:8a:03:12:8e:34:a7",
            "public_key_fingerprint_sha256": "SHA256:Y1enOnRMzGgILOkh3YX7wqvQjtYYbThSKd6ASYBQ+T8",
            "public_key_openssh": "ssh-rsa AAAAB3NzaC1yc2EAAAADAQABAAACAQDHs1DEcx//ImJ9/Sq1NL3NAv3TO/7wcdQhzcs/h7PCbIWnnnVTWJ/FRWsTIflh60+whgT6fWqYDliWIhWeJYwO1M/pzBUogAkMbCFLpmwAd8KA7hjcViMqiZ31gjUwJXSCxyAUYIAf7Tgzi36p29vL7sQk6PVMJip38eRME4K6ZGSL0Z7KVnR5spHMHLXsioGDaiVrABXsqNYiZpxLV40MSB7P//uD5JaRVPMNQ7Rc/UNMQ2H+odysublHJdfZu7KTugqAu1s3IJ9cuqACTZqaavFpGWonR5EZh4wyU9G5OOv25qwwHUaOix7Gat5pMzMtGogu2TLm19gCIBJ1c8Q6kIf0NZUHGoQhQZmmbgvn9OgC+P6mfP6pkdqz0WRxeaEB4QwE2j1J9CxTayl/hE2FyXKcm/cwWsp2HU+G3lmEPKEvCFlYC1CxF0rfGpKF5HMxbJfPSN31a8nrbC9xjJT/7UoQ8LAz4f5fbVPavb+GXzeKUsDXBVdFbPr+Slbpd5ty1Pc8Rn9t0QAVTq0AedMZfg/7heVJvHPHcbJ4as9d1HcB+vxxfA/PUeVmltm8hZtt9+R6C9QDFhIgWpzTRWW8zDONVhBUSPNb5In+mZZ754lGy2KyzqwDJkiEsAuDw55osCD5OF3kaaGZ5zxS92NBuLHOdIdpYlxmcjuzhO+WAw==\n",
            "public_key_pem": "-----BEGIN PUBLIC KEY-----\nMIICIjANBgkqhkiG9w0BAQEFAAOCAg8AMIICCgKCAgEAx7NQxHMf/yJiff0qtTS9\nzQL90zv+8HHUIc3LP4ezwmyFp551U1ifxUVrEyH5YetPsIYE+n1qmA5YliIVniWM\nDtTP6cwVKIAJDGwhS6ZsAHfCgO4Y3FYjKomd9YI1MCV0gscgFGCAH+04M4t+qdvb\ny+7EJOj1TCYqd/HkTBOCumRki9GeylZ0ebKRzBy17IqBg2olawAV7KjWImacS1eN\nDEgez//7g+SWkVTzDUO0XP1DTENh/qHcrLm5RyXX2buyk7oKgLtbNyCfXLqgAk2a\nmmrxaRlqJ0eRGYeMMlPRuTjr9uasMB1GjosexmreaTMzLRqILtky5tfYAiASdXPE\nOpCH9DWVBxqEIUGZpm4L5/ToAvj+pnz+qZHas9FkcXmhAeEMBNo9SfQsU2spf4RN\nhclynJv3MFrKdh1Pht5ZhDyhLwhZWAtQsRdK3xqSheRzMWyXz0jd9WvJ62wvcYyU\n/+1KEPCwM+H+X21T2r2/hl83ilLA1wVXRWz6/kpW6XebctT3PEZ/bdEAFU6tAHnT\nGX4P+4XlSbxzx3GyeGrPXdR3Afr8cXwPz1HlZpbZvIWbbffkegvUAxYSIFqc00Vl\nvMwzjVYQVEjzW+SJ/pmWe+eJRstiss6sAyZIhLALg8OeaLAg+Thd5Gmhmec8Uvdj\nQbixznSHaWJcZnI7s4TvlgMCAwEAAQ==\n-----END PUBLIC KEY-----\n",
            "rsa_bits": 4096
          },
          "sensitive_attributes": []
        }
      ]
    }
  ],
  "check_results": null
}
